
Microsoft Visual Studio Solution File, Format Version 12.00
# Visual Studio Version 16
VisualStudioVersion = 16.0.30907.101
MinimumVisualStudioVersion = 10.0.40219.1
Project("{9A19103F-16F7-4668-BE54-9A1E7A4F7556}") = "blazor-serverside-crud-operation", "blazor-serverside-crud-operation\blazor-serverside-crud-operation.csproj", "{2627E42A-DAFB-46C2-B39D-DA3562907492}"
EndProject
Global
	GlobalSection(SolutionConfigurationPlatforms) = preSolution
		Debug|Any CPU = Debug|Any CPU
		Release|Any CPU = Release|Any CPU
	EndGlobalSection
	GlobalSection(ProjectConfigurationPlatforms) = postSolution
		{2627E42A-DAFB-46C2-B39D-DA3562907492}.Debug|Any CPU.ActiveCfg = Debug|Any CPU
		{2627E42A-DAFB-46C2-B39D-DA3562907492}.Debug|Any CPU.Build.0 = Debug|Any CPU
		{2627E42A-DAFB-46C2-B39D-DA3562907492}.Release|Any CPU.ActiveCfg = Release|Any CPU
		{2627E42A-DAFB-46C2-B39D-DA3562907492}.Release|Any CPU.Build.0 = Release|Any CPU
	EndGlobalSection
	GlobalSection(SolutionProperties) = preSolution
		HideSolutionNode = FALSE
	EndGlobalSection
	GlobalSection(ExtensibilityGlobals) = postSolution
		SolutionGuid = {F981DE77-C009-4692-B918-405BDC3201F2}
	EndGlobalSection
EndGlobal
